
Microsoft Visual Studio Solution File, Format Version 12.00
# Visual Studio Version 16
VisualStudioVersion = 16.0.30503.244
MinimumVisualStudioVersion = 10.0.40219.1
Project("{9A19103F-16F7-4668-BE54-9A1E7A4F7556}") = "pkcs11.Net", "pkcs11.Net\pkcs11.Net.csproj", "{F434CEC0-F018-462A-99FA-0B877A927887}"
EndProject
Project("{9A19103F-16F7-4668-BE54-9A1E7A4F7556}") = "pkcs11.Net-test", "pkcs11.Net-test\pkcs11.Net-test.csproj", "{3A8AC7D8-C3B9-44CD-AB67-29539B4F530B}"
EndProject
Project("{9A19103F-16F7-4668-BE54-9A1E7A4F7556}") = "cng-utimaco.Net-test", "cng-utimaco.Net-test\cng-utimaco.Net-test.csproj", "{50F26F73-23F8-404E-B90E-38DBF393E338}"
EndProject
Global
	GlobalSection(SolutionConfigurationPlatforms) = preSolution
		Debug|Any CPU = Debug|Any CPU
		Release|Any CPU = Release|Any CPU
	EndGlobalSection
	GlobalSection(ProjectConfigurationPlatforms) = postSolution
		{F434CEC0-F018-462A-99FA-0B877A927887}.Debug|Any CPU.ActiveCfg = Debug|Any CPU
		{F434CEC0-F018-462A-99FA-0B877A927887}.Debug|Any CPU.Build.0 = Debug|Any CPU
		{F434CEC0-F018-462A-99FA-0B877A927887}.Release|Any CPU.ActiveCfg = Release|Any CPU
		{F434CEC0-F018-462A-99FA-0B877A927887}.Release|Any CPU.Build.0 = Release|Any CPU
		{3A8AC7D8-C3B9-44CD-AB67-29539B4F530B}.Debug|Any CPU.ActiveCfg = Debug|Any CPU
		{3A8AC7D8-C3B9-44CD-AB67-29539B4F530B}.Debug|Any CPU.Build.0 = Debug|Any CPU
		{3A8AC7D8-C3B9-44CD-AB67-29539B4F530B}.Release|Any CPU.ActiveCfg = Release|Any CPU
		{3A8AC7D8-C3B9-44CD-AB67-29539B4F530B}.Release|Any CPU.Build.0 = Release|Any CPU
		{50F26F73-23F8-404E-B90E-38DBF393E338}.Debug|Any CPU.ActiveCfg = Debug|Any CPU
		{50F26F73-23F8-404E-B90E-38DBF393E338}.Debug|Any CPU.Build.0 = Debug|Any CPU
		{50F26F73-23F8-404E-B90E-38DBF393E338}.Release|Any CPU.ActiveCfg = Release|Any CPU
		{50F26F73-23F8-404E-B90E-38DBF393E338}.Release|Any CPU.Build.0 = Release|Any CPU
	EndGlobalSection
	GlobalSection(SolutionProperties) = preSolution
		HideSolutionNode = FALSE
	EndGlobalSection
	GlobalSection(ExtensibilityGlobals) = postSolution
		SolutionGuid = {F7A50D44-BF0E-489A-91DA-7CD812618C20}
	EndGlobalSection
EndGlobal
